
Microsoft Visual Studio Solution File, Format Version 12.00
# Visual Studio Version 16
VisualStudioVersion = 16.0.29613.14
MinimumVisualStudioVersion = 10.0.40219.1
Project("{FAE04EC0-301F-11D3-BF4B-00C04F79EFBC}") = "AccuSchedule.UI", "AccuSchedule.UI\AccuSchedule.UI.csproj", "{0F56EDA9-CF7F-4C49-A67B-3FCD434D4902}"
EndProject
Project("{FAE04EC0-301F-11D3-BF4B-00C04F79EFBC}") = "AccuSchedule.Shared", "AccuSchedule.Shared\AccuSchedule.Shared.csproj", "{C0B000E8-AC60-417D-8E96-42A4B7CDC8BB}"
EndProject
Project("{9A19103F-16F7-4668-BE54-9A1E7A4F7556}") = "NodeNetwork", "NodeNetwork\NodeNetwork.csproj", "{535F40E0-0D65-4DC8-B3F9-AB612100A16E}"
EndProject
Project("{9A19103F-16F7-4668-BE54-9A1E7A4F7556}") = "NodeNetworkToolkit", "NodeNetworkToolkit\NodeNetworkToolkit.csproj", "{83A37A33-B14D-40A3-928C-A63F2F0D2D85}"
EndProject
Global
	GlobalSection(SolutionConfigurationPlatforms) = preSolution
		Debug|Any CPU = Debug|Any CPU
		r35|Any CPU = r35|Any CPU
		r40|Any CPU = r40|Any CPU
		r45|Any CPU = r45|Any CPU
		r451|Any CPU = r451|Any CPU
		r452|Any CPU = r452|Any CPU
		r46|Any CPU = r46|Any CPU
		Release|Any CPU = Release|Any CPU
	EndGlobalSection
	GlobalSection(ProjectConfigurationPlatforms) = postSolution
		{0F56EDA9-CF7F-4C49-A67B-3FCD434D4902}.Debug|Any CPU.ActiveCfg = Debug|Any CPU
		{0F56EDA9-CF7F-4C49-A67B-3FCD434D4902}.Debug|Any CPU.Build.0 = Debug|Any CPU
		{0F56EDA9-CF7F-4C49-A67B-3FCD434D4902}.r35|Any CPU.ActiveCfg = Release|Any CPU
		{0F56EDA9-CF7F-4C49-A67B-3FCD434D4902}.r35|Any CPU.Build.0 = Release|Any CPU
		{0F56EDA9-CF7F-4C49-A67B-3FCD434D4902}.r40|Any CPU.ActiveCfg = Release|Any CPU
		{0F56EDA9-CF7F-4C49-A67B-3FCD434D4902}.r40|Any CPU.Build.0 = Release|Any CPU
		{0F56EDA9-CF7F-4C49-A67B-3FCD434D4902}.r45|Any CPU.ActiveCfg = Release|Any CPU
		{0F56EDA9-CF7F-4C49-A67B-3FCD434D4902}.r45|Any CPU.Build.0 = Release|Any CPU
		{0F56EDA9-CF7F-4C49-A67B-3FCD434D4902}.r451|Any CPU.ActiveCfg = Release|Any CPU
		{0F56EDA9-CF7F-4C49-A67B-3FCD434D4902}.r451|Any CPU.Build.0 = Release|Any CPU
		{0F56EDA9-CF7F-4C49-A67B-3FCD434D4902}.r452|Any CPU.ActiveCfg = Release|Any CPU
		{0F56EDA9-CF7F-4C49-A67B-3FCD434D4902}.r452|Any CPU.Build.0 = Release|Any CPU
		{0F56EDA9-CF7F-4C49-A67B-3FCD434D4902}.r46|Any CPU.ActiveCfg = Release|Any CPU
		{0F56EDA9-CF7F-4C49-A67B-3FCD434D4902}.r46|Any CPU.Build.0 = Release|Any CPU
		{0F56EDA9-CF7F-4C49-A67B-3FCD434D4902}.Release|Any CPU.ActiveCfg = Release|Any CPU
		{0F56EDA9-CF7F-4C49-A67B-3FCD434D4902}.Release|Any CPU.Build.0 = Release|Any CPU
		{C0B000E8-AC60-417D-8E96-42A4B7CDC8BB}.Debug|Any CPU.ActiveCfg = Debug|Any CPU
		{C0B000E8-AC60-417D-8E96-42A4B7CDC8BB}.Debug|Any CPU.Build.0 = Debug|Any CPU
		{C0B000E8-AC60-417D-8E96-42A4B7CDC8BB}.r35|Any CPU.ActiveCfg = Release|Any CPU
		{C0B000E8-AC60-417D-8E96-42A4B7CDC8BB}.r35|Any CPU.Build.0 = Release|Any CPU
		{C0B000E8-AC60-417D-8E96-42A4B7CDC8BB}.r40|Any CPU.ActiveCfg = Release|Any CPU
		{C0B000E8-AC60-417D-8E96-42A4B7CDC8BB}.r40|Any CPU.Build.0 = Release|Any CPU
		{C0B000E8-AC60-417D-8E96-42A4B7CDC8BB}.r45|Any CPU.ActiveCfg = Release|Any CPU
		{C0B000E8-AC60-417D-8E96-42A4B7CDC8BB}.r45|Any CPU.Build.0 = Release|Any CPU
		{C0B000E8-AC60-417D-8E96-42A4B7CDC8BB}.r451|Any CPU.ActiveCfg = Release|Any CPU
		{C0B000E8-AC60-417D-8E96-42A4B7CDC8BB}.r451|Any CPU.Build.0 = Release|Any CPU
		{C0B000E8-AC60-417D-8E96-42A4B7CDC8BB}.r452|Any CPU.ActiveCfg = Release|Any CPU
		{C0B000E8-AC60-417D-8E96-42A4B7CDC8BB}.r452|Any CPU.Build.0 = Release|Any CPU
		{C0B000E8-AC60-417D-8E96-42A4B7CDC8BB}.r46|Any CPU.ActiveCfg = Release|Any CPU
		{C0B000E8-AC60-417D-8E96-42A4B7CDC8BB}.r46|Any CPU.Build.0 = Release|Any CPU
		{C0B000E8-AC60-417D-8E96-42A4B7CDC8BB}.Release|Any CPU.ActiveCfg = Release|Any CPU
		{C0B000E8-AC60-417D-8E96-42A4B7CDC8BB}.Release|Any CPU.Build.0 = Release|Any CPU
		{535F40E0-0D65-4DC8-B3F9-AB612100A16E}.Debug|Any CPU.ActiveCfg = Debug|Any CPU
		{535F40E0-0D65-4DC8-B3F9-AB612100A16E}.Debug|Any CPU.Build.0 = Debug|Any CPU
		{535F40E0-0D65-4DC8-B3F9-AB612100A16E}.r35|Any CPU.ActiveCfg = Release|Any CPU
		{535F40E0-0D65-4DC8-B3F9-AB612100A16E}.r35|Any CPU.Build.0 = Release|Any CPU
		{535F40E0-0D65-4DC8-B3F9-AB612100A16E}.r40|Any CPU.ActiveCfg = Release|Any CPU
		{535F40E0-0D65-4DC8-B3F9-AB612100A16E}.r40|Any CPU.Build.0 = Release|Any CPU
		{535F40E0-0D65-4DC8-B3F9-AB612100A16E}.r45|Any CPU.ActiveCfg = Release|Any CPU
		{535F40E0-0D65-4DC8-B3F9-AB612100A16E}.r45|Any CPU.Build.0 = Release|Any CPU
		{535F40E0-0D65-4DC8-B3F9-AB612100A16E}.r451|Any CPU.ActiveCfg = Release|Any CPU
		{535F40E0-0D65-4DC8-B3F9-AB612100A16E}.r451|Any CPU.Build.0 = Release|Any CPU
		{535F40E0-0D65-4DC8-B3F9-AB612100A16E}.r452|Any CPU.ActiveCfg = Release|Any CPU
		{535F40E0-0D65-4DC8-B3F9-AB612100A16E}.r452|Any CPU.Build.0 = Release|Any CPU
		{535F40E0-0D65-4DC8-B3F9-AB612100A16E}.r46|Any CPU.ActiveCfg = Release|Any CPU
		{535F40E0-0D65-4DC8-B3F9-AB612100A16E}.r46|Any CPU.Build.0 = Release|Any CPU
		{535F40E0-0D65-4DC8-B3F9-AB612100A16E}.Release|Any CPU.ActiveCfg = Release|Any CPU
		{535F40E0-0D65-4DC8-B3F9-AB612100A16E}.Release|Any CPU.Build.0 = Release|Any CPU
		{83A37A33-B14D-40A3-928C-A63F2F0D2D85}.Debug|Any CPU.ActiveCfg = Debug|Any CPU
		{83A37A33-B14D-40A3-928C-A63F2F0D2D85}.Debug|Any CPU.Build.0 = Debug|Any CPU
		{83A37A33-B14D-40A3-928C-A63F2F0D2D85}.r35|Any CPU.ActiveCfg = Release|Any CPU
		{83A37A33-B14D-40A3-928C-A63F2F0D2D85}.r35|Any CPU.Build.0 = Release|Any CPU
		{83A37A33-B14D-40A3-928C-A63F2F0D2D85}.r40|Any CPU.ActiveCfg = Release|Any CPU
		{83A37A33-B14D-40A3-928C-A63F2F0D2D85}.r40|Any CPU.Build.0 = Release|Any CPU
		{83A37A33-B14D-40A3-928C-A63F2F0D2D85}.r45|Any CPU.ActiveCfg = Release|Any CPU
		{83A37A33-B14D-40A3-928C-A63F2F0D2D85}.r45|Any CPU.Build.0 = Release|Any CPU
		{83A37A33-B14D-40A3-928C-A63F2F0D2D85}.r451|Any CPU.ActiveCfg = Release|Any CPU
		{83A37A33-B14D-40A3-928C-A63F2F0D2D85}.r451|Any CPU.Build.0 = Release|Any CPU
		{83A37A33-B14D-40A3-928C-A63F2F0D2D85}.r452|Any CPU.ActiveCfg = Release|Any CPU
		{83A37A33-B14D-40A3-928C-A63F2F0D2D85}.r452|Any CPU.Build.0 = Release|Any CPU
		{83A37A33-B14D-40A3-928C-A63F2F0D2D85}.r46|Any CPU.ActiveCfg = Release|Any CPU
		{83A37A33-B14D-40A3-928C-A63F2F0D2D85}.r46|Any CPU.Build.0 = Release|Any CPU
		{83A37A33-B14D-40A3-928C-A63F2F0D2D85}.Release|Any CPU.ActiveCfg = Release|Any CPU
		{83A37A33-B14D-40A3-928C-A63F2F0D2D85}.Release|Any CPU.Build.0 = Release|Any CPU
	EndGlobalSection
	GlobalSection(SolutionProperties) = preSolution
		HideSolutionNode = FALSE
	EndGlobalSection
	GlobalSection(ExtensibilityGlobals) = postSolution
		SolutionGuid = {B0705F52-CA57-4DF8-8A39-96DF647F6E73}
	EndGlobalSection
EndGlobal
